
Microsoft Visual Studio Solution File, Format Version 12.00
# Visual Studio Version 16
VisualStudioVersion = 16.0.30804.86
MinimumVisualStudioVersion = 10.0.40219.1
Project("{FAE04EC0-301F-11D3-BF4B-00C04F79EFBC}") = "APIGateway", "APIGateway\APIGateway.csproj", "{C36AE528-232D-45A2-855A-1D56499AA71E}"
EndProject
Project("{2150E333-8FDC-42A3-9474-1A3956D46DE8}") = "Services", "Services", "{20EB65E6-9C0A-4584-B3AB-C63FE8D59A54}"
EndProject
Project("{2150E333-8FDC-42A3-9474-1A3956D46DE8}") = "ContactAPI", "ContactAPI", "{C9E9CBC2-AB74-4D86-9B0C-C51BFE36E888}"
EndProject
Project("{2150E333-8FDC-42A3-9474-1A3956D46DE8}") = "ReservationAPI", "ReservationAPI", "{8828F315-8176-4E5A-A346-1E3A57D78652}"
EndProject
Project("{FAE04EC0-301F-11D3-BF4B-00C04F79EFBC}") = "Contact.API", "Services\ContactAPI\Contact.API\Contact.API.csproj", "{BA2226AA-B630-4FC3-A839-55EDAD22AFA7}"
EndProject
Project("{FAE04EC0-301F-11D3-BF4B-00C04F79EFBC}") = "Reservation.API", "Services\ReservationAPI\Reservation.API\Reservation.API.csproj", "{7646F6D0-3E2E-49AA-A21C-3B5B08783F99}"
EndProject
Project("{FAE04EC0-301F-11D3-BF4B-00C04F79EFBC}") = "Contact.API.Infrastracture", "Services\ContactAPI\Contact.API.Infrastracture\Contact.API.Infrastracture.csproj", "{587416EC-AF65-4099-8D86-EC2012AB8D51}"
EndProject
Project("{FAE04EC0-301F-11D3-BF4B-00C04F79EFBC}") = "Contact.API.Services", "Services\ContactAPI\Contact.API.Services\Contact.API.Services.csproj", "{53D55356-B88F-421A-9207-08DAE2FA592E}"
EndProject
Project("{FAE04EC0-301F-11D3-BF4B-00C04F79EFBC}") = "Contact.API.Models", "Services\ContactAPI\Contact.API.Models\Contact.API.Models.csproj", "{66770267-C34E-41B1-8FD4-F12EA4660B62}"
EndProject
Project("{FAE04EC0-301F-11D3-BF4B-00C04F79EFBC}") = "Reservation.API.Infrastructure", "Services\ReservationAPI\Reservation.API.Infrastructure\Reservation.API.Infrastructure.csproj", "{C91A487D-4594-46D3-896D-03EF0284DBEA}"
EndProject
Project("{FAE04EC0-301F-11D3-BF4B-00C04F79EFBC}") = "Reservation.API.Models", "Services\ReservationAPI\Reservation.API.Models\Reservation.API.Models.csproj", "{27BEEFDA-4D32-4623-B25C-C83AB886B4B9}"
EndProject
Project("{FAE04EC0-301F-11D3-BF4B-00C04F79EFBC}") = "Reservation.API.Services", "Reservation.API.Services\Reservation.API.Services.csproj", "{7335AAE5-BA21-4656-8BE4-B6AC6807811B}"
EndProject
Global
	GlobalSection(SolutionConfigurationPlatforms) = preSolution
		Debug|Any CPU = Debug|Any CPU
		Release|Any CPU = Release|Any CPU
	EndGlobalSection
	GlobalSection(ProjectConfigurationPlatforms) = postSolution
		{C36AE528-232D-45A2-855A-1D56499AA71E}.Debug|Any CPU.ActiveCfg = Debug|Any CPU
		{C36AE528-232D-45A2-855A-1D56499AA71E}.Debug|Any CPU.Build.0 = Debug|Any CPU
		{C36AE528-232D-45A2-855A-1D56499AA71E}.Release|Any CPU.ActiveCfg = Release|Any CPU
		{C36AE528-232D-45A2-855A-1D56499AA71E}.Release|Any CPU.Build.0 = Release|Any CPU
		{BA2226AA-B630-4FC3-A839-55EDAD22AFA7}.Debug|Any CPU.ActiveCfg = Debug|Any CPU
		{BA2226AA-B630-4FC3-A839-55EDAD22AFA7}.Debug|Any CPU.Build.0 = Debug|Any CPU
		{BA2226AA-B630-4FC3-A839-55EDAD22AFA7}.Release|Any CPU.ActiveCfg = Release|Any CPU
		{BA2226AA-B630-4FC3-A839-55EDAD22AFA7}.Release|Any CPU.Build.0 = Release|Any CPU
		{7646F6D0-3E2E-49AA-A21C-3B5B08783F99}.Debug|Any CPU.ActiveCfg = Debug|Any CPU
		{7646F6D0-3E2E-49AA-A21C-3B5B08783F99}.Debug|Any CPU.Build.0 = Debug|Any CPU
		{7646F6D0-3E2E-49AA-A21C-3B5B08783F99}.Release|Any CPU.ActiveCfg = Release|Any CPU
		{7646F6D0-3E2E-49AA-A21C-3B5B08783F99}.Release|Any CPU.Build.0 = Release|Any CPU
		{587416EC-AF65-4099-8D86-EC2012AB8D51}.Debug|Any CPU.ActiveCfg = Debug|Any CPU
		{587416EC-AF65-4099-8D86-EC2012AB8D51}.Debug|Any CPU.Build.0 = Debug|Any CPU
		{587416EC-AF65-4099-8D86-EC2012AB8D51}.Release|Any CPU.ActiveCfg = Release|Any CPU
		{587416EC-AF65-4099-8D86-EC2012AB8D51}.Release|Any CPU.Build.0 = Release|Any CPU
		{53D55356-B88F-421A-9207-08DAE2FA592E}.Debug|Any CPU.ActiveCfg = Debug|Any CPU
		{53D55356-B88F-421A-9207-08DAE2FA592E}.Debug|Any CPU.Build.0 = Debug|Any CPU
		{53D55356-B88F-421A-9207-08DAE2FA592E}.Release|Any CPU.ActiveCfg = Release|Any CPU
		{53D55356-B88F-421A-9207-08DAE2FA592E}.Release|Any CPU.Build.0 = Release|Any CPU
		{66770267-C34E-41B1-8FD4-F12EA4660B62}.Debug|Any CPU.ActiveCfg = Debug|Any CPU
		{66770267-C34E-41B1-8FD4-F12EA4660B62}.Debug|Any CPU.Build.0 = Debug|Any CPU
		{66770267-C34E-41B1-8FD4-F12EA4660B62}.Release|Any CPU.ActiveCfg = Release|Any CPU
		{66770267-C34E-41B1-8FD4-F12EA4660B62}.Release|Any CPU.Build.0 = Release|Any CPU
		{C91A487D-4594-46D3-896D-03EF0284DBEA}.Debug|Any CPU.ActiveCfg = Debug|Any CPU
		{C91A487D-4594-46D3-896D-03EF0284DBEA}.Debug|Any CPU.Build.0 = Debug|Any CPU
		{C91A487D-4594-46D3-896D-03EF0284DBEA}.Release|Any CPU.ActiveCfg = Release|Any CPU
		{C91A487D-4594-46D3-896D-03EF0284DBEA}.Release|Any CPU.Build.0 = Release|Any CPU
		{27BEEFDA-4D32-4623-B25C-C83AB886B4B9}.Debug|Any CPU.ActiveCfg = Debug|Any CPU
		{27BEEFDA-4D32-4623-B25C-C83AB886B4B9}.Debug|Any CPU.Build.0 = Debug|Any CPU
		{27BEEFDA-4D32-4623-B25C-C83AB886B4B9}.Release|Any CPU.ActiveCfg = Release|Any CPU
		{27BEEFDA-4D32-4623-B25C-C83AB886B4B9}.Release|Any CPU.Build.0 = Release|Any CPU
		{7335AAE5-BA21-4656-8BE4-B6AC6807811B}.Debug|Any CPU.ActiveCfg = Debug|Any CPU
		{7335AAE5-BA21-4656-8BE4-B6AC6807811B}.Debug|Any CPU.Build.0 = Debug|Any CPU
		{7335AAE5-BA21-4656-8BE4-B6AC6807811B}.Release|Any CPU.ActiveCfg = Release|Any CPU
		{7335AAE5-BA21-4656-8BE4-B6AC6807811B}.Release|Any CPU.Build.0 = Release|Any CPU
	EndGlobalSection
	GlobalSection(SolutionProperties) = preSolution
		HideSolutionNode = FALSE
	EndGlobalSection
	GlobalSection(NestedProjects) = preSolution
		{C9E9CBC2-AB74-4D86-9B0C-C51BFE36E888} = {20EB65E6-9C0A-4584-B3AB-C63FE8D59A54}
		{8828F315-8176-4E5A-A346-1E3A57D78652} = {20EB65E6-9C0A-4584-B3AB-C63FE8D59A54}
		{BA2226AA-B630-4FC3-A839-55EDAD22AFA7} = {C9E9CBC2-AB74-4D86-9B0C-C51BFE36E888}
		{7646F6D0-3E2E-49AA-A21C-3B5B08783F99} = {8828F315-8176-4E5A-A346-1E3A57D78652}
		{587416EC-AF65-4099-8D86-EC2012AB8D51} = {C9E9CBC2-AB74-4D86-9B0C-C51BFE36E888}
		{53D55356-B88F-421A-9207-08DAE2FA592E} = {C9E9CBC2-AB74-4D86-9B0C-C51BFE36E888}
		{66770267-C34E-41B1-8FD4-F12EA4660B62} = {C9E9CBC2-AB74-4D86-9B0C-C51BFE36E888}
		{C91A487D-4594-46D3-896D-03EF0284DBEA} = {8828F315-8176-4E5A-A346-1E3A57D78652}
		{27BEEFDA-4D32-4623-B25C-C83AB886B4B9} = {8828F315-8176-4E5A-A346-1E3A57D78652}
		{7335AAE5-BA21-4656-8BE4-B6AC6807811B} = {8828F315-8176-4E5A-A346-1E3A57D78652}
	EndGlobalSection
	GlobalSection(ExtensibilityGlobals) = postSolution
		SolutionGuid = {580E4A50-6DAD-43F6-ADA0-F3F86A5B3AA2}
	EndGlobalSection
EndGlobal
